<?xml version="1.0" encoding="UTF-8" standalone="yes" ?>
<CodeBlocks_project_file>
	<FileVersion major="1" minor="6" />
	<Project>
		<Option title="imgui" />
		<Option pch_mode="2" />
		<Option compiler="gcc" />
		<Build>
			<Target title="Debug">
				<Option output="bin/Debug/imgui" prefix_auto="1" extension_auto="1" />
				<Option object_output="obj/Debug/" />
				<Option type="1" />
				<Option compiler="gcc" />
				<Compiler>
					<Add option="-g" />
				</Compiler>
			</Target>
			<Target title="Release">
				<Option output="bin/Release/imgui" prefix_auto="1" extension_auto="1" />
				<Option object_output="obj/Release/" />
				<Option type="1" />
				<Option compiler="gcc" />
				<Compiler>
					<Add option="-O2" />
				</Compiler>
				<Linker>
					<Add option="-s" />
				</Linker>
			</Target>
		</Build>
		<Compiler>
			<Add option="-Wall" />
			<Add directory="include" />
		</Compiler>
		<Linker>
			<Add library="lib/libglew32.a" />
			<Add library="lib/libglew32.dll.a" />
			<Add library="lib/libglfw3.a" />
			<Add library="lib/libglfw3dll.a" />
			<Add library="E:/Program Files (x86)/CodeBlocks/MinGW/lib/libopengl32.a" />
			<Add library="E:/Program Files (x86)/CodeBlocks/MinGW/lib/libgdi32.a" />
		</Linker>
		<Unit filename="include/imconfig.h" />
		<Unit filename="include/imgui.h" />
		<Unit filename="include/imgui_impl_glfw.h" />
		<Unit filename="include/imgui_impl_opengl3.h" />
		<Unit filename="include/imgui_internal.h" />
		<Unit filename="include/imstb_rectpack.h" />
		<Unit filename="include/imstb_textedit.h" />
		<Unit filename="include/imstb_truetype.h" />
		<Unit filename="src/imgui.cpp" />
		<Unit filename="src/imgui_demo.cpp" />
		<Unit filename="src/imgui_draw.cpp" />
		<Unit filename="src/imgui_impl_glfw.cpp" />
		<Unit filename="src/imgui_impl_opengl3.cpp" />
		<Unit filename="src/imgui_widgets.cpp" />
		<Unit filename="src/main.cpp" />
		<Extensions>
			<code_completion />
			<envvars />
			<debugger />
			<lib_finder disable_auto="1" />
		</Extensions>
	</Project>
</CodeBlocks_project_file>
